# This file is autogenerated, do not edit; changes may be undone by the next 'dep ensure'.


[[projects]]
  branch = "database"
  digest = "1:c7dfefb4317ae3b785c66a2b57d4b4fa0f54dc80e6461e9ae0fbde85ddf881a6"
  name = "github.com/hawkit/btcd-demo"
  packages = [
    "chaincfg",
    "chaincfg/chainhash",
    "wire",
  ]
  pruneopts = "UT"
  revision = "5863aeb32d36ac6e3d77d95de1c0335ff410a1ff"

[[projects]]
  digest = "1:40e195917a951a8bf867cd05de2a46aaf1806c50cf92eebf4c16f78cd196f747"
  name = "github.com/pkg/errors"
  packages = ["."]
  pruneopts = "UT"
  revision = "645ef00459ed84a119197bfb8d8205042c6df63d"
  version = "v0.8.0"

[solve-meta]
  analyzer-name = "dep"
  analyzer-version = 1
  input-imports = [
    "github.com/hawkit/btcd-demo/chaincfg",
    "github.com/hawkit/btcd-demo/chaincfg/chainhash",
    "github.com/hawkit/btcd-demo/wire",
    "github.com/pkg/errors",
  ]
  solver-name = "gps-cdcl"
  solver-version = 1
