# This file is autogenerated, do not edit; changes may be undone by the next 'dep ensure'.


[[projects]]
  branch = "master"
  digest = "1:e6b9b9d6ee6cdaa6ffb0aa5a8c078f7fc8242a0183d88fc79f29a6777fa530bf"
  name = "github.com/btcsuite/btcd"
  packages = [
    "chaincfg/chainhash",
    "wire",
  ]
  pruneopts = "UT"
  revision = "cff30e1d23fc9e800b2b5b4b41ef1817dda07e9f"

[[projects]]
  branch = "database"
  digest = "1:70db87459dd6ad022b71703cfb3503a5275e84cdaf0b8f4bb5581679631ff5d8"
  name = "github.com/hawkit/btcd-demo"
  packages = [
    "chaincfg",
    "chaincfg/chainhash",
    "wire",
  ]
  pruneopts = "UT"
  revision = "7d1e13b0a98b34d865f177970bf805e473dbdf6a"

[[projects]]
  digest = "1:40e195917a951a8bf867cd05de2a46aaf1806c50cf92eebf4c16f78cd196f747"
  name = "github.com/pkg/errors"
  packages = ["."]
  pruneopts = "UT"
  revision = "645ef00459ed84a119197bfb8d8205042c6df63d"
  version = "v0.8.0"

[solve-meta]
  analyzer-name = "dep"
  analyzer-version = 1
  input-imports = [
    "github.com/hawkit/btcd-demo/chaincfg",
    "github.com/hawkit/btcd-demo/chaincfg/chainhash",
    "github.com/hawkit/btcd-demo/wire",
    "github.com/pkg/errors",
  ]
  solver-name = "gps-cdcl"
  solver-version = 1
