# This file is autogenerated, do not edit; changes may be undone by the next 'dep ensure'.


[[projects]]
  branch = "master"
  digest = "1:57a3361a34c90264d74668c9f29f6c501c746f38459768b6aac25b989c01ca71"
  name = "github.com/hawkit/btcd-demo"
  packages = [
    "chaincfg",
    "chaincfg/chainhash",
    "wire",
  ]
  pruneopts = "UT"
  revision = "ceec5cf624b56b8f6e395016a57f161bb74eb572"

[[projects]]
  digest = "1:40e195917a951a8bf867cd05de2a46aaf1806c50cf92eebf4c16f78cd196f747"
  name = "github.com/pkg/errors"
  packages = ["."]
  pruneopts = "UT"
  revision = "645ef00459ed84a119197bfb8d8205042c6df63d"
  version = "v0.8.0"

[solve-meta]
  analyzer-name = "dep"
  analyzer-version = 1
  input-imports = [
    "github.com/hawkit/btcd-demo/chaincfg",
    "github.com/hawkit/btcd-demo/chaincfg/chainhash",
    "github.com/hawkit/btcd-demo/wire",
    "github.com/pkg/errors",
  ]
  solver-name = "gps-cdcl"
  solver-version = 1
